Microsoft Visual Studio Solution File, Format Version 12.00
# Visual Studio Version 17
VisualStudioVersion = 17.5.2.0
MinimumVisualStudioVersion = 10.0.40219.1
Project("{FAE04EC0-301F-11D3-BF4B-00C04F79EFBC}") = "ProductWebApi", "ProductWebApi\ProductWebApi.csproj", "{8921F8BE-EC44-06B3-FB20-58608F1DEFA7}"
EndProject
Global
	GlobalSection(SolutionConfigurationPlatforms) = preSolution
		Debug|Any CPU = Debug|Any CPU
		Release|Any CPU = Release|Any CPU
	EndGlobalSection
	GlobalSection(ProjectConfigurationPlatforms) = postSolution
		{8921F8BE-EC44-06B3-FB20-58608F1DEFA7}.Debug|Any CPU.ActiveCfg = Debug|Any CPU
		{8921F8BE-EC44-06B3-FB20-58608F1DEFA7}.Debug|Any CPU.Build.0 = Debug|Any CPU
		{8921F8BE-EC44-06B3-FB20-58608F1DEFA7}.Release|Any CPU.ActiveCfg = Release|Any CPU
		{8921F8BE-EC44-06B3-FB20-58608F1DEFA7}.Release|Any CPU.Build.0 = Release|Any CPU
	EndGlobalSection
	GlobalSection(SolutionProperties) = preSolution
		HideSolutionNode = FALSE
	EndGlobalSection
	GlobalSection(ExtensibilityGlobals) = postSolution
		SolutionGuid = {C2E101A7-42B1-41FD-82CF-A432AC59DF93}
	EndGlobalSection
EndGlobal
